
Microsoft Visual Studio Solution File, Format Version 12.00
# Visual Studio 2012
Project("{FAE04EC0-301F-11D3-BF4B-00C04F79EFBC}") = "Hk.QrPay.Core", "Hk.QrPay.Core\Hk.QrPay.Core.csproj", "{55AA4B79-E6E7-4444-95D1-D67354A36EBB}"
EndProject
Project("{FAE04EC0-301F-11D3-BF4B-00C04F79EFBC}") = "Hk.QrPay.Data", "Hk.QrPay.Data\Hk.QrPay.Data.csproj", "{1A890DC4-F856-4454-A78A-EE01C77351D1}"
	ProjectSection(ProjectDependencies) = postProject
		{55AA4B79-E6E7-4444-95D1-D67354A36EBB} = {55AA4B79-E6E7-4444-95D1-D67354A36EBB}
		{7DC964B7-0B90-4FF2-91CC-0AB5462741AA} = {7DC964B7-0B90-4FF2-91CC-0AB5462741AA}
	EndProjectSection
EndProject
Project("{FAE04EC0-301F-11D3-BF4B-00C04F79EFBC}") = "Hk.QrPay.Entity", "Hk.QrPay.Entity\Hk.QrPay.Entity.csproj", "{7DC964B7-0B90-4FF2-91CC-0AB5462741AA}"
EndProject
Project("{FAE04EC0-301F-11D3-BF4B-00C04F79EFBC}") = "Hk.QrPay.Service", "Hk.QrPay.Service\Hk.QrPay.Service.csproj", "{F6160CD1-D241-4293-92F5-451749C7FC3A}"
	ProjectSection(ProjectDependencies) = postProject
		{55AA4B79-E6E7-4444-95D1-D67354A36EBB} = {55AA4B79-E6E7-4444-95D1-D67354A36EBB}
		{7DC964B7-0B90-4FF2-91CC-0AB5462741AA} = {7DC964B7-0B90-4FF2-91CC-0AB5462741AA}
		{1A890DC4-F856-4454-A78A-EE01C77351D1} = {1A890DC4-F856-4454-A78A-EE01C77351D1}
	EndProjectSection
EndProject
Project("{FAE04EC0-301F-11D3-BF4B-00C04F79EFBC}") = "Hk.QrPay.Web", "JuCheap.Web\Hk.QrPay.Web.csproj", "{ECE655CF-9EB4-42C9-A689-63CB6F563A10}"
	ProjectSection(ProjectDependencies) = postProject
		{55AA4B79-E6E7-4444-95D1-D67354A36EBB} = {55AA4B79-E6E7-4444-95D1-D67354A36EBB}
		{7DC964B7-0B90-4FF2-91CC-0AB5462741AA} = {7DC964B7-0B90-4FF2-91CC-0AB5462741AA}
		{1A890DC4-F856-4454-A78A-EE01C77351D1} = {1A890DC4-F856-4454-A78A-EE01C77351D1}
		{F6160CD1-D241-4293-92F5-451749C7FC3A} = {F6160CD1-D241-4293-92F5-451749C7FC3A}
	EndProjectSection
EndProject
Global
	GlobalSection(SolutionConfigurationPlatforms) = preSolution
		Debug|Any CPU = Debug|Any CPU
		Release|Any CPU = Release|Any CPU
	EndGlobalSection
	GlobalSection(ProjectConfigurationPlatforms) = postSolution
		{55AA4B79-E6E7-4444-95D1-D67354A36EBB}.Debug|Any CPU.ActiveCfg = Debug|Any CPU
		{55AA4B79-E6E7-4444-95D1-D67354A36EBB}.Debug|Any CPU.Build.0 = Debug|Any CPU
		{55AA4B79-E6E7-4444-95D1-D67354A36EBB}.Release|Any CPU.ActiveCfg = Release|Any CPU
		{55AA4B79-E6E7-4444-95D1-D67354A36EBB}.Release|Any CPU.Build.0 = Release|Any CPU
		{1A890DC4-F856-4454-A78A-EE01C77351D1}.Debug|Any CPU.ActiveCfg = Debug|Any CPU
		{1A890DC4-F856-4454-A78A-EE01C77351D1}.Debug|Any CPU.Build.0 = Debug|Any CPU
		{1A890DC4-F856-4454-A78A-EE01C77351D1}.Release|Any CPU.ActiveCfg = Release|Any CPU
		{1A890DC4-F856-4454-A78A-EE01C77351D1}.Release|Any CPU.Build.0 = Release|Any CPU
		{7DC964B7-0B90-4FF2-91CC-0AB5462741AA}.Debug|Any CPU.ActiveCfg = Debug|Any CPU
		{7DC964B7-0B90-4FF2-91CC-0AB5462741AA}.Debug|Any CPU.Build.0 = Debug|Any CPU
		{7DC964B7-0B90-4FF2-91CC-0AB5462741AA}.Release|Any CPU.ActiveCfg = Release|Any CPU
		{7DC964B7-0B90-4FF2-91CC-0AB5462741AA}.Release|Any CPU.Build.0 = Release|Any CPU
		{F6160CD1-D241-4293-92F5-451749C7FC3A}.Debug|Any CPU.ActiveCfg = Debug|Any CPU
		{F6160CD1-D241-4293-92F5-451749C7FC3A}.Debug|Any CPU.Build.0 = Debug|Any CPU
		{F6160CD1-D241-4293-92F5-451749C7FC3A}.Release|Any CPU.ActiveCfg = Release|Any CPU
		{F6160CD1-D241-4293-92F5-451749C7FC3A}.Release|Any CPU.Build.0 = Release|Any CPU
		{ECE655CF-9EB4-42C9-A689-63CB6F563A10}.Debug|Any CPU.ActiveCfg = Debug|Any CPU
		{ECE655CF-9EB4-42C9-A689-63CB6F563A10}.Debug|Any CPU.Build.0 = Debug|Any CPU
		{ECE655CF-9EB4-42C9-A689-63CB6F563A10}.Release|Any CPU.ActiveCfg = Release|Any CPU
		{ECE655CF-9EB4-42C9-A689-63CB6F563A10}.Release|Any CPU.Build.0 = Release|Any CPU
	EndGlobalSection
	GlobalSection(SolutionProperties) = preSolution
		HideSolutionNode = FALSE
	EndGlobalSection
EndGlobal
